// !$*UTF8*$!
{
	archiveVersion = 1;
	classes = {
	};
	objectVersion = 46;
	objects = {

/* Begin PBXBuildFile section */
		637102F51EF7744200B35643 /* main.m in Sources */ = {isa = PBXBuildFile; fileRef = 637102F41EF7744200B35643 /* main.m */; };
		637102F81EF7744200B35643 /* AppDelegate.m in Sources */ = {isa = PBXBuildFile; fileRef = 637102F71EF7744200B35643 /* AppDelegate.m */; };
		637102FB1EF7744200B35643 /* ViewController.m in Sources */ = {isa = PBXBuildFile; fileRef = 637102FA1EF7744200B35643 /* ViewController.m */; };
		637102FE1EF7744200B35643 /* Main.storyboard in Resources */ = {isa = PBXBuildFile; fileRef = 637102FC1EF7744200B35643 /* Main.storyboard */; };
		637103001EF7744200B35643 /* Assets.xcassets in Resources */ = {isa = PBXBuildFile; fileRef = 637102FF1EF7744200B35643 /* Assets.xcassets */; };
		637103031EF7744200B35643 /* LaunchScreen.storyboard in Resources */ = {isa = PBXBuildFile; fileRef = 637103011EF7744200B35643 /* LaunchScreen.storyboard */; };
		6371030D1EF7772000B35643 /* HttpRequest.m in Sources */ = {isa = PBXBuildFile; fileRef = 6371030C1EF7772000B35643 /* HttpRequest.m */; };
		637A2C961EFA575F007B0249 /* ZXSDefine.m in Sources */ = {isa = PBXBuildFile; fileRef = 637A2C951EFA575F007B0249 /* ZXSDefine.m */; };
		637A2C9A1EFA59D9007B0249 /* UIView+View.m in Sources */ = {isa = PBXBuildFile; fileRef = 637A2C991EFA59D9007B0249 /* UIView+View.m */; };
		637A2C9D1EFA5A4C007B0249 /* UIColor+Color.m in Sources */ = {isa = PBXBuildFile; fileRef = 637A2C9C1EFA5A4C007B0249 /* UIColor+Color.m */; };
		637A2CA01EFA5A81007B0249 /* UIImage+image.m in Sources */ = {isa = PBXBuildFile; fileRef = 637A2C9F1EFA5A81007B0249 /* UIImage+image.m */; };
		637A2CA31EFA5B2C007B0249 /* UILabel+label.m in Sources */ = {isa = PBXBuildFile; fileRef = 637A2CA21EFA5B2C007B0249 /* UILabel+label.m */; };
		DB77BD8D3F9FD2B4AC9CE65F /* libPods-AFNet.a in Frameworks */ = {isa = PBXBuildFile; fileRef = 6F3B3D0FC91835D5F1ED7A95 /* libPods-AFNet.a */; };
/* End PBXBuildFile section */

/* Begin PBXFileReference section */
		637102F01EF7744200B35643 /* AFNet.app */ = {isa = PBXFileReference; explicitFileType = wrapper.application; includeInIndex = 0; path = AFNet.app; sourceTree = BUILT_PRODUCTS_DIR; };
		637102F41EF7744200B35643 /* main.m */ = {isa = PBXFileReference; lastKnownFileType = sourcecode.c.objc; path = main.m; sourceTree = "<group>"; };
		637102F61EF7744200B35643 /* AppDelegate.h */ = {isa = PBXFileReference; lastKnownFileType = sourcecode.c.h; path = AppDelegate.h; sourceTree = "<group>"; };
		637102F71EF7744200B35643 /* AppDelegate.m */ = {isa = PBXFileReference; lastKnownFileType = sourcecode.c.objc; path = AppDelegate.m; sourceTree = "<group>"; };
		637102F91EF7744200B35643 /* ViewController.h */ = {isa = PBXFileReference; lastKnownFileType = sourcecode.c.h; path = ViewController.h; sourceTree = "<group>"; };
		637102FA1EF7744200B35643 /* ViewController.m */ = {isa = PBXFileReference; lastKnownFileType = sourcecode.c.objc; path = ViewController.m; sourceTree = "<group>"; };
		637102FD1EF7744200B35643 /* Base */ = {isa = PBXFileReference; lastKnownFileType = file.storyboard; name = Base; path = Base.lproj/Main.storyboard; sourceTree = "<group>"; };
		637102FF1EF7744200B35643 /* Assets.xcassets */ = {isa = PBXFileReference; lastKnownFileType = folder.assetcatalog; path = Assets.xcassets; sourceTree = "<group>"; };
		637103021EF7744200B35643 /* Base */ = {isa = PBXFileReference; lastKnownFileType = file.storyboard; name = Base; path = Base.lproj/LaunchScreen.storyboard; sourceTree = "<group>"; };
		637103041EF7744200B35643 /* Info.plist */ = {isa = PBXFileReference; lastKnownFileType = text.plist.xml; path = Info.plist; sourceTree = "<group>"; };
		6371030B1EF7772000B35643 /* HttpRequest.h */ = {isa = PBXFileReference; fileEncoding = 4; lastKnownFileType = sourcecode.c.h; path = HttpRequest.h; sourceTree = "<group>"; };
		6371030C1EF7772000B35643 /* HttpRequest.m */ = {isa = PBXFileReference; fileEncoding = 4; lastKnownFileType = sourcecode.c.objc; path = HttpRequest.m; sourceTree = "<group>"; };
		637A2C941EFA575F007B0249 /* ZXSDefine.h */ = {isa = PBXFileReference; fileEncoding = 4; lastKnownFileType = sourcecode.c.h; path = ZXSDefine.h; sourceTree = "<group>"; };
		637A2C951EFA575F007B0249 /* ZXSDefine.m */ = {isa = PBXFileReference; fileEncoding = 4; lastKnownFileType = sourcecode.c.objc; path = ZXSDefine.m; sourceTree = "<group>"; };
		637A2C971EFA57AA007B0249 /* ZXSTool.h */ = {isa = PBXFileReference; lastKnownFileType = sourcecode.c.h; path = ZXSTool.h; sourceTree = "<group>"; };
		637A2C981EFA59D9007B0249 /* UIView+View.h */ = {isa = PBXFileReference; fileEncoding = 4; lastKnownFileType = sourcecode.c.h; path = "UIView+View.h"; sourceTree = "<group>"; };
		637A2C991EFA59D9007B0249 /* UIView+View.m */ = {isa = PBXFileReference; fileEncoding = 4; lastKnownFileType = sourcecode.c.objc; path = "UIView+View.m"; sourceTree = "<group>"; };
		637A2C9B1EFA5A4C007B0249 /* UIColor+Color.h */ = {isa = PBXFileReference; fileEncoding = 4; lastKnownFileType = sourcecode.c.h; path = "UIColor+Color.h"; sourceTree = "<group>"; };
		637A2C9C1EFA5A4C007B0249 /* UIColor+Color.m */ = {isa = PBXFileReference; fileEncoding = 4; lastKnownFileType = sourcecode.c.objc; path = "UIColor+Color.m"; sourceTree = "<group>"; };
		637A2C9E1EFA5A81007B0249 /* UIImage+image.h */ = {isa = PBXFileReference; fileEncoding = 4; lastKnownFileType = sourcecode.c.h; path = "UIImage+image.h"; sourceTree = "<group>"; };
		637A2C9F1EFA5A81007B0249 /* UIImage+image.m */ = {isa = PBXFileReference; fileEncoding = 4; lastKnownFileType = sourcecode.c.objc; path = "UIImage+image.m"; sourceTree = "<group>"; };
		637A2CA11EFA5B2C007B0249 /* UILabel+label.h */ = {isa = PBXFileReference; fileEncoding = 4; lastKnownFileType = sourcecode.c.h; path = "UILabel+label.h"; sourceTree = "<group>"; };
		637A2CA21EFA5B2C007B0249 /* UILabel+label.m */ = {isa = PBXFileReference; fileEncoding = 4; lastKnownFileType = sourcecode.c.objc; path = "UILabel+label.m"; sourceTree = "<group>"; };
		6F3B3D0FC91835D5F1ED7A95 /* libPods-AFNet.a */ = {isa = PBXFileReference; explicitFileType = archive.ar; includeInIndex = 0; path = "libPods-AFNet.a"; sourceTree = BUILT_PRODUCTS_DIR; };
		8FA129F175CFF3AB345C6324 /* Pods-AFNet.debug.xcconfig */ = {isa = PBXFileReference; includeInIndex = 1; lastKnownFileType = text.xcconfig; name = "Pods-AFNet.debug.xcconfig"; path = "Pods/Target Support Files/Pods-AFNet/Pods-AFNet.debug.xcconfig"; sourceTree = "<group>"; };
		B615783B8C5EB4A727B377CE /* Pods-AFNet.release.xcconfig */ = {isa = PBXFileReference; includeInIndex = 1; lastKnownFileType = text.xcconfig; name = "Pods-AFNet.release.xcconfig"; path = "Pods/Target Support Files/Pods-AFNet/Pods-AFNet.release.xcconfig"; sourceTree = "<group>"; };
/* End PBXFileReference section */

/* Begin PBXFrameworksBuildPhase section */
		637102ED1EF7744200B35643 /* Frameworks */ = {
			isa = PBXFrameworksBuildPhase;
			buildActionMask = 2147483647;
			files = (
				DB77BD8D3F9FD2B4AC9CE65F /* libPods-AFNet.a in Frameworks */,
			);
			runOnlyForDeploymentPostprocessing = 0;
		};
/* End PBXFrameworksBuildPhase section */

/* Begin PBXGroup section */
		2B5C0222ACA28950C6F0601B /* Frameworks */ = {
			isa = PBXGroup;
			children = (
				6F3B3D0FC91835D5F1ED7A95 /* libPods-AFNet.a */,
			);
			name = Frameworks;
			sourceTree = "<group>";
		};
		637102E71EF7744200B35643 = {
			isa = PBXGroup;
			children = (
				637102F21EF7744200B35643 /* AFNet */,
				637102F11EF7744200B35643 /* Products */,
				8F859C21736C4FB004958A14 /* Pods */,
				2B5C0222ACA28950C6F0601B /* Frameworks */,
			);
			sourceTree = "<group>";
		};
		637102F11EF7744200B35643 /* Products */ = {
			isa = PBXGroup;
			children = (
				637102F01EF7744200B35643 /* AFNet.app */,
			);
			name = Products;
			sourceTree = "<group>";
		};
		637102F21EF7744200B35643 /* AFNet */ = {
			isa = PBXGroup;
			children = (
				6371030A1EF776F100B35643 /* HttpRequset */,
				637102F61EF7744200B35643 /* AppDelegate.h */,
				637102F71EF7744200B35643 /* AppDelegate.m */,
				637102F91EF7744200B35643 /* ViewController.h */,
				637102FA1EF7744200B35643 /* ViewController.m */,
				637102FC1EF7744200B35643 /* Main.storyboard */,
				637102FF1EF7744200B35643 /* Assets.xcassets */,
				637103011EF7744200B35643 /* LaunchScreen.storyboard */,
				637103041EF7744200B35643 /* Info.plist */,
				637102F31EF7744200B35643 /* Supporting Files */,
			);
			path = AFNet;
			sourceTree = "<group>";
		};
		637102F31EF7744200B35643 /* Supporting Files */ = {
			isa = PBXGroup;
			children = (
				637102F41EF7744200B35643 /* main.m */,
			);
			name = "Supporting Files";
			sourceTree = "<group>";
		};
		6371030A1EF776F100B35643 /* HttpRequset */ = {
			isa = PBXGroup;
			children = (
				6371030B1EF7772000B35643 /* HttpRequest.h */,
				6371030C1EF7772000B35643 /* HttpRequest.m */,
				637A2C971EFA57AA007B0249 /* ZXSTool.h */,
				637A2C941EFA575F007B0249 /* ZXSDefine.h */,
				637A2C951EFA575F007B0249 /* ZXSDefine.m */,
				637A2C981EFA59D9007B0249 /* UIView+View.h */,
				637A2C991EFA59D9007B0249 /* UIView+View.m */,
				637A2C9B1EFA5A4C007B0249 /* UIColor+Color.h */,
				637A2C9C1EFA5A4C007B0249 /* UIColor+Color.m */,
				637A2C9E1EFA5A81007B0249 /* UIImage+image.h */,
				637A2C9F1EFA5A81007B0249 /* UIImage+image.m */,
				637A2CA11EFA5B2C007B0249 /* UILabel+label.h */,
				637A2CA21EFA5B2C007B0249 /* UILabel+label.m */,
			);
			name = HttpRequset;
			path = "未命名文件夹 2";
			sourceTree = "<group>";
		};
		8F859C21736C4FB004958A14 /* Pods */ = {
			isa = PBXGroup;
			children = (
				8FA129F175CFF3AB345C6324 /* Pods-AFNet.debug.xcconfig */,
				B615783B8C5EB4A727B377CE /* Pods-AFNet.release.xcconfig */,
			);
			name = Pods;
			sourceTree = "<group>";
		};
/* End PBXGroup section */

/* Begin PBXNativeTarget section */
		637102EF1EF7744200B35643 /* AFNet */ = {
			isa = PBXNativeTarget;
			buildConfigurationList = 637103071EF7744200B35643 /* Build configuration list for PBXNativeTarget "AFNet" */;
			buildPhases = (
				50D2C33919D0D9B124D6FCB7 /* [CP] Check Pods Manifest.lock */,
				637102EC1EF7744200B35643 /* Sources */,
				637102ED1EF7744200B35643 /* Frameworks */,
				637102EE1EF7744200B35643 /* Resources */,
				4532D8551702521DEB37721F /* [CP] Embed Pods Frameworks */,
				171F4230BA48E22EA4651155 /* [CP] Copy Pods Resources */,
			);
			buildRules = (
			);
			dependencies = (
			);
			name = AFNet;
			productName = AFNet;
			productReference = 637102F01EF7744200B35643 /* AFNet.app */;
			productType = "com.apple.product-type.application";
		};
/* End PBXNativeTarget section */

/* Begin PBXProject section */
		637102E81EF7744200B35643 /* Project object */ = {
			isa = PBXProject;
			attributes = {
				LastUpgradeCheck = 0820;
				ORGANIZATIONNAME = Suger;
				TargetAttributes = {
					637102EF1EF7744200B35643 = {
						CreatedOnToolsVersion = 8.2.1;
						DevelopmentTeam = A7DKZJ6Y7X;
						ProvisioningStyle = Automatic;
					};
				};
			};
			buildConfigurationList = 637102EB1EF7744200B35643 /* Build configuration list for PBXProject "AFNet" */;
			compatibilityVersion = "Xcode 3.2";
			developmentRegion = English;
			hasScannedForEncodings = 0;
			knownRegions = (
				en,
				Base,
			);
			mainGroup = 637102E71EF7744200B35643;
			productRefGroup = 637102F11EF7744200B35643 /* Products */;
			projectDirPath = "";
			projectRoot = "";
			targets = (
				637102EF1EF7744200B35643 /* AFNet */,
			);
		};
/* End PBXProject section */

/* Begin PBXResourcesBuildPhase section */
		637102EE1EF7744200B35643 /* Resources */ = {
			isa = PBXResourcesBuildPhase;
			buildActionMask = 2147483647;
			files = (
				637103031EF7744200B35643 /* LaunchScreen.storyboard in Resources */,
				637103001EF7744200B35643 /* Assets.xcassets in Resources */,
				637102FE1EF7744200B35643 /* Main.storyboard in Resources */,
			);
			runOnlyForDeploymentPostprocessing = 0;
		};
/* End PBXResourcesBuildPhase section */

/* Begin PBXShellScriptBuildPhase section */
		171F4230BA48E22EA4651155 /* [CP] Copy Pods Resources */ = {
			isa = PBXShellScriptBuildPhase;
			buildActionMask = 2147483647;
			files = (
			);
			inputPaths = (
			);
			name = "[CP] Copy Pods Resources";
			outputPaths = (
			);
			runOnlyForDeploymentPostprocessing = 0;
			shellPath = /bin/sh;
			shellScript = "\"${SRCROOT}/Pods/Target Support Files/Pods-AFNet/Pods-AFNet-resources.sh\"\n";
			showEnvVarsInLog = 0;
		};
		4532D8551702521DEB37721F /* [CP] Embed Pods Frameworks */ = {
			isa = PBXShellScriptBuildPhase;
			buildActionMask = 2147483647;
			files = (
			);
			inputPaths = (
			);
			name = "[CP] Embed Pods Frameworks";
			outputPaths = (
			);
			runOnlyForDeploymentPostprocessing = 0;
			shellPath = /bin/sh;
			shellScript = "\"${SRCROOT}/Pods/Target Support Files/Pods-AFNet/Pods-AFNet-frameworks.sh\"\n";
			showEnvVarsInLog = 0;
		};
		50D2C33919D0D9B124D6FCB7 /* [CP] Check Pods Manifest.lock */ = {
			isa = PBXShellScriptBuildPhase;
			buildActionMask = 2147483647;
			files = (
			);
			inputPaths = (
			);
			name = "[CP] Check Pods Manifest.lock";
			outputPaths = (
			);
			runOnlyForDeploymentPostprocessing = 0;
			shellPath = /bin/sh;
			shellScript = "diff \"${PODS_ROOT}/../Podfile.lock\" \"${PODS_ROOT}/Manifest.lock\" > /dev/null\nif [[ $? != 0 ]] ; then\n    cat << EOM\nerror: The sandbox is not in sync with the Podfile.lock. Run 'pod install' or update your CocoaPods installation.\nEOM\n    exit 1\nfi\n";
			showEnvVarsInLog = 0;
		};
/* End PBXShellScriptBuildPhase section */

/* Begin PBXSourcesBuildPhase section */
		637102EC1EF7744200B35643 /* Sources */ = {
			isa = PBXSourcesBuildPhase;
			buildActionMask = 2147483647;
			files = (
				637102FB1EF7744200B35643 /* ViewController.m in Sources */,
				637A2CA01EFA5A81007B0249 /* UIImage+image.m in Sources */,
				6371030D1EF7772000B35643 /* HttpRequest.m in Sources */,
				637102F81EF7744200B35643 /* AppDelegate.m in Sources */,
				637A2C9A1EFA59D9007B0249 /* UIView+View.m in Sources */,
				637102F51EF7744200B35643 /* main.m in Sources */,
				637A2CA31EFA5B2C007B0249 /* UILabel+label.m in Sources */,
				637A2C961EFA575F007B0249 /* ZXSDefine.m in Sources */,
				637A2C9D1EFA5A4C007B0249 /* UIColor+Color.m in Sources */,
			);
			runOnlyForDeploymentPostprocessing = 0;
		};
/* End PBXSourcesBuildPhase section */

/* Begin PBXVariantGroup section */
		637102FC1EF7744200B35643 /* Main.storyboard */ = {
			isa = PBXVariantGroup;
			children = (
				637102FD1EF7744200B35643 /* Base */,
			);
			name = Main.storyboard;
			sourceTree = "<group>";
		};
		637103011EF7744200B35643 /* LaunchScreen.storyboard */ = {
			isa = PBXVariantGroup;
			children = (
				637103021EF7744200B35643 /* Base */,
			);
			name = LaunchScreen.storyboard;
			sourceTree = "<group>";
		};
/* End PBXVariantGroup section */

/* Begin XCBuildConfiguration section */
		637103051EF7744200B35643 /* Debug */ = {
			isa = XCBuildConfiguration;
			buildSettings = {
				ALWAYS_SEARCH_USER_PATHS = NO;
				CLANG_ANALYZER_NONNULL = YES;
				CLANG_CXX_LANGUAGE_STANDARD = "gnu++0x";
				CLANG_CXX_LIBRARY = "libc++";
				CLANG_ENABLE_MODULES = YES;
				CLANG_ENABLE_OBJC_ARC = YES;
				CLANG_WARN_BOOL_CONVERSION = YES;
				CLANG_WARN_CONSTANT_CONVERSION = YES;
				CLANG_WARN_DIRECT_OBJC_ISA_USAGE = YES_ERROR;
				CLANG_WARN_DOCUMENTATION_COMMENTS = YES;
				CLANG_WARN_EMPTY_BODY = YES;
				CLANG_WARN_ENUM_CONVERSION = YES;
				CLANG_WARN_INFINITE_RECURSION = YES;
				CLANG_WARN_INT_CONVERSION = YES;
				CLANG_WARN_OBJC_ROOT_CLASS = YES_ERROR;
				CLANG_WARN_SUSPICIOUS_MOVE = YES;
				CLANG_WARN_UNREACHABLE_CODE = YES;
				CLANG_WARN__DUPLICATE_METHOD_MATCH = YES;
				"CODE_SIGN_IDENTITY[sdk=iphoneos*]" = "iPhone Developer";
				COPY_PHASE_STRIP = NO;
				DEBUG_INFORMATION_FORMAT = dwarf;
				ENABLE_STRICT_OBJC_MSGSEND = YES;
				ENABLE_TESTABILITY = YES;
				GCC_C_LANGUAGE_STANDARD = gnu99;
				GCC_DYNAMIC_NO_PIC = NO;
				GCC_NO_COMMON_BLOCKS = YES;
				GCC_OPTIMIZATION_LEVEL = 0;
				GCC_PREPROCESSOR_DEFINITIONS = (
					"DEBUG=1",
					"$(inherited)",
				);
				GCC_WARN_64_TO_32_BIT_CONVERSION = YES;
				GCC_WARN_ABOUT_RETURN_TYPE = YES_ERROR;
				GCC_WARN_UNDECLARED_SELECTOR = YES;
				GCC_WARN_UNINITIALIZED_AUTOS = YES_AGGRESSIVE;
				GCC_WARN_UNUSED_FUNCTION = YES;
				GCC_WARN_UNUSED_VARIABLE = YES;
				IPHONEOS_DEPLOYMENT_TARGET = 10.2;
				MTL_ENABLE_DEBUG_INFO = YES;
				ONLY_ACTIVE_ARCH = YES;
				SDKROOT = iphoneos;
			};
			name = Debug;
		};
		637103061EF7744200B35643 /* Release */ = {
			isa = XCBuildConfiguration;
			buildSettings = {
				ALWAYS_SEARCH_USER_PATHS = NO;
				CLANG_ANALYZER_NONNULL = YES;
				CLANG_CXX_LANGUAGE_STANDARD = "gnu++0x";
				CLANG_CXX_LIBRARY = "libc++";
				CLANG_ENABLE_MODULES = YES;
				CLANG_ENABLE_OBJC_ARC = YES;
				CLANG_WARN_BOOL_CONVERSION = YES;
				CLANG_WARN_CONSTANT_CONVERSION = YES;
				CLANG_WARN_DIRECT_OBJC_ISA_USAGE = YES_ERROR;
				CLANG_WARN_DOCUMENTATION_COMMENTS = YES;
				CLANG_WARN_EMPTY_BODY = YES;
				CLANG_WARN_ENUM_CONVERSION = YES;
				CLANG_WARN_INFINITE_RECURSION = YES;
				CLANG_WARN_INT_CONVERSION = YES;
				CLANG_WARN_OBJC_ROOT_CLASS = YES_ERROR;
				CLANG_WARN_SUSPICIOUS_MOVE = YES;
				CLANG_WARN_UNREACHABLE_CODE = YES;
				CLANG_WARN__DUPLICATE_METHOD_MATCH = YES;
				"CODE_SIGN_IDENTITY[sdk=iphoneos*]" = "iPhone Developer";
				COPY_PHASE_STRIP = NO;
				DEBUG_INFORMATION_FORMAT = "dwarf-with-dsym";
				ENABLE_NS_ASSERTIONS = NO;
				ENABLE_STRICT_OBJC_MSGSEND = YES;
				GCC_C_LANGUAGE_STANDARD = gnu99;
				GCC_NO_COMMON_BLOCKS = YES;
				GCC_WARN_64_TO_32_BIT_CONVERSION = YES;
				GCC_WARN_ABOUT_RETURN_TYPE = YES_ERROR;
				GCC_WARN_UNDECLARED_SELECTOR = YES;
				GCC_WARN_UNINITIALIZED_AUTOS = YES_AGGRESSIVE;
				GCC_WARN_UNUSED_FUNCTION = YES;
				GCC_WARN_UNUSED_VARIABLE = YES;
				IPHONEOS_DEPLOYMENT_TARGET = 10.2;
				MTL_ENABLE_DEBUG_INFO = NO;
				SDKROOT = iphoneos;
				VALIDATE_PRODUCT = YES;
			};
			name = Release;
		};
		637103081EF7744200B35643 /* Debug */ = {
			isa = XCBuildConfiguration;
			baseConfigurationReference = 8FA129F175CFF3AB345C6324 /* Pods-AFNet.debug.xcconfig */;
			buildSettings = {
				ASSETCATALOG_COMPILER_APPICON_NAME = AppIcon;
				DEVELOPMENT_TEAM = A7DKZJ6Y7X;
				INFOPLIST_FILE = AFNet/Info.plist;
				LD_RUNPATH_SEARCH_PATHS = "$(inherited) @executable_path/Frameworks";
				PRODUCT_BUNDLE_IDENTIFIER = com.guodong.AFNet;
				PRODUCT_NAME = "$(TARGET_NAME)";
			};
			name = Debug;
		};
		637103091EF7744200B35643 /* Release */ = {
			isa = XCBuildConfiguration;
			baseConfigurationReference = B615783B8C5EB4A727B377CE /* Pods-AFNet.release.xcconfig */;
			buildSettings = {
				ASSETCATALOG_COMPILER_APPICON_NAME = AppIcon;
				DEVELOPMENT_TEAM = A7DKZJ6Y7X;
				INFOPLIST_FILE = AFNet/Info.plist;
				LD_RUNPATH_SEARCH_PATHS = "$(inherited) @executable_path/Frameworks";
				PRODUCT_BUNDLE_IDENTIFIER = com.guodong.AFNet;
				PRODUCT_NAME = "$(TARGET_NAME)";
			};
			name = Release;
		};
/* End XCBuildConfiguration section */

/* Begin XCConfigurationList section */
		637102EB1EF7744200B35643 /* Build configuration list for PBXProject "AFNet" */ = {
			isa = XCConfigurationList;
			buildConfigurations = (
				637103051EF7744200B35643 /* Debug */,
				637103061EF7744200B35643 /* Release */,
			);
			defaultConfigurationIsVisible = 0;
			defaultConfigurationName = Release;
		};
		637103071EF7744200B35643 /* Build configuration list for PBXNativeTarget "AFNet" */ = {
			isa = XCConfigurationList;
			buildConfigurations = (
				637103081EF7744200B35643 /* Debug */,
				637103091EF7744200B35643 /* Release */,
			);
			defaultConfigurationIsVisible = 0;
			defaultConfigurationName = Release;
		};
/* End XCConfigurationList section */
	};
	rootObject = 637102E81EF7744200B35643 /* Project object */;
}
