// !$*UTF8*$!
{
	archiveVersion = 1;
	classes = {
	};
	objectVersion = 46;
	objects = {

/* Begin PBXBuildFile section */
		637102F51EF7744200B35643 /* main.m in Sources */ = {isa = PBXBuildFile; fileRef = 637102F41EF7744200B35643 /* main.m */; };
		637102F81EF7744200B35643 /* AppDelegate.m in Sources */ = {isa = PBXBuildFile; fileRef = 637102F71EF7744200B35643 /* AppDelegate.m */; };
		637102FB1EF7744200B35643 /* ViewController.m in Sources */ = {isa = PBXBuildFile; fileRef = 637102FA1EF7744200B35643 /* ViewController.m */; };
		637102FE1EF7744200B35643 /* Main.storyboard in Resources */ = {isa = PBXBuildFile; fileRef = 637102FC1EF7744200B35643 /* Main.storyboard */; };
		637103001EF7744200B35643 /* Assets.xcassets in Resources */ = {isa = PBXBuildFile; fileRef = 637102FF1EF7744200B35643 /* Assets.xcassets */; };
		637103031EF7744200B35643 /* LaunchScreen.storyboard in Resources */ = {isa = PBXBuildFile; fileRef = 637103011EF7744200B35643 /* LaunchScreen.storyboard */; };
/* End PBXBuildFile section */

/* Begin PBXFileReference section */
		637102F01EF7744200B35643 /* AFNet.app */ = {isa = PBXFileReference; explicitFileType = wrapper.application; includeInIndex = 0; path = AFNet.app; sourceTree = BUILT_PRODUCTS_DIR; };
		637102F41EF7744200B35643 /* main.m */ = {isa = PBXFileReference; lastKnownFileType = sourcecode.c.objc; path = main.m; sourceTree = "<group>"; };
		637102F61EF7744200B35643 /* AppDelegate.h */ = {isa = PBXFileReference; lastKnownFileType = sourcecode.c.h; path = AppDelegate.h; sourceTree = "<group>"; };
		637102F71EF7744200B35643 /* AppDelegate.m */ = {isa = PBXFileReference; lastKnownFileType = sourcecode.c.objc; path = AppDelegate.m; sourceTree = "<group>"; };
		637102F91EF7744200B35643 /* ViewController.h */ = {isa = PBXFileReference; lastKnownFileType = sourcecode.c.h; path = ViewController.h; sourceTree = "<group>"; };
		637102FA1EF7744200B35643 /* ViewController.m */ = {isa = PBXFileReference; lastKnownFileType = sourcecode.c.objc; path = ViewController.m; sourceTree = "<group>"; };
		637102FD1EF7744200B35643 /* Base */ = {isa = PBXFileReference; lastKnownFileType = file.storyboard; name = Base; path = Base.lproj/Main.storyboard; sourceTree = "<group>"; };
		637102FF1EF7744200B35643 /* Assets.xcassets */ = {isa = PBXFileReference; lastKnownFileType = folder.assetcatalog; path = Assets.xcassets; sourceTree = "<group>"; };
		637103021EF7744200B35643 /* Base */ = {isa = PBXFileReference; lastKnownFileType = file.storyboard; name = Base; path = Base.lproj/LaunchScreen.storyboard; sourceTree = "<group>"; };
		637103041EF7744200B35643 /* Info.plist */ = {isa = PBXFileReference; lastKnownFileType = text.plist.xml; path = Info.plist; sourceTree = "<group>"; };
/* End PBXFileReference section */

/* Begin PBXFrameworksBuildPhase section */
		637102ED1EF7744200B35643 /* Frameworks */ = {
			isa = PBXFrameworksBuildPhase;
			buildActionMask = 2147483647;
			files = (
			);
			runOnlyForDeploymentPostprocessing = 0;
		};
/* End PBXFrameworksBuildPhase section */

/* Begin PBXGroup section */
		637102E71EF7744200B35643 = {
			isa = PBXGroup;
			children = (
				637102F21EF7744200B35643 /* AFNet */,
				637102F11EF7744200B35643 /* Products */,
			);
			sourceTree = "<group>";
		};
		637102F11EF7744200B35643 /* Products */ = {
			isa = PBXGroup;
			children = (
				637102F01EF7744200B35643 /* AFNet.app */,
			);
			name = Products;
			sourceTree = "<group>";
		};
		637102F21EF7744200B35643 /* AFNet */ = {
			isa = PBXGroup;
			children = (
				637102F61EF7744200B35643 /* AppDelegate.h */,
				637102F71EF7744200B35643 /* AppDelegate.m */,
				637102F91EF7744200B35643 /* ViewController.h */,
				637102FA1EF7744200B35643 /* ViewController.m */,
				637102FC1EF7744200B35643 /* Main.storyboard */,
				637102FF1EF7744200B35643 /* Assets.xcassets */,
				637103011EF7744200B35643 /* LaunchScreen.storyboard */,
				637103041EF7744200B35643 /* Info.plist */,
				637102F31EF7744200B35643 /* Supporting Files */,
			);
			path = AFNet;
			sourceTree = "<group>";
		};
		637102F31EF7744200B35643 /* Supporting Files */ = {
			isa = PBXGroup;
			children = (
				637102F41EF7744200B35643 /* main.m */,
			);
			name = "Supporting Files";
			sourceTree = "<group>";
		};
/* End PBXGroup section */

/* Begin PBXNativeTarget section */
		637102EF1EF7744200B35643 /* AFNet */ = {
			isa = PBXNativeTarget;
			buildConfigurationList = 637103071EF7744200B35643 /* Build configuration list for PBXNativeTarget "AFNet" */;
			buildPhases = (
				637102EC1EF7744200B35643 /* Sources */,
				637102ED1EF7744200B35643 /* Frameworks */,
				637102EE1EF7744200B35643 /* Resources */,
			);
			buildRules = (
			);
			dependencies = (
			);
			name = AFNet;
			productName = AFNet;
			productReference = 637102F01EF7744200B35643 /* AFNet.app */;
			productType = "com.apple.product-type.application";
		};
/* End PBXNativeTarget section */

/* Begin PBXProject section */
		637102E81EF7744200B35643 /* Project object */ = {
			isa = PBXProject;
			attributes = {
				LastUpgradeCheck = 0820;
				ORGANIZATIONNAME = Suger;
				TargetAttributes = {
					637102EF1EF7744200B35643 = {
						CreatedOnToolsVersion = 8.2.1;
						DevelopmentTeam = A7DKZJ6Y7X;
						ProvisioningStyle = Automatic;
					};
				};
			};
			buildConfigurationList = 637102EB1EF7744200B35643 /* Build configuration list for PBXProject "AFNet" */;
			compatibilityVersion = "Xcode 3.2";
			developmentRegion = English;
			hasScannedForEncodings = 0;
			knownRegions = (
				en,
				Base,
			);
			mainGroup = 637102E71EF7744200B35643;
			productRefGroup = 637102F11EF7744200B35643 /* Products */;
			projectDirPath = "";
			projectRoot = "";
			targets = (
				637102EF1EF7744200B35643 /* AFNet */,
			);
		};
/* End PBXProject section */

/* Begin PBXResourcesBuildPhase section */
		637102EE1EF7744200B35643 /* Resources */ = {
			isa = PBXResourcesBuildPhase;
			buildActionMask = 2147483647;
			files = (
				637103031EF7744200B35643 /* LaunchScreen.storyboard in Resources */,
				637103001EF7744200B35643 /* Assets.xcassets in Resources */,
				637102FE1EF7744200B35643 /* Main.storyboard in Resources */,
			);
			runOnlyForDeploymentPostprocessing = 0;
		};
/* End PBXResourcesBuildPhase section */

/* Begin PBXSourcesBuildPhase section */
		637102EC1EF7744200B35643 /* Sources */ = {
			isa = PBXSourcesBuildPhase;
			buildActionMask = 2147483647;
			files = (
				637102FB1EF7744200B35643 /* ViewController.m in Sources */,
				637102F81EF7744200B35643 /* AppDelegate.m in Sources */,
				637102F51EF7744200B35643 /* main.m in Sources */,
			);
			runOnlyForDeploymentPostprocessing = 0;
		};
/* End PBXSourcesBuildPhase section */

/* Begin PBXVariantGroup section */
		637102FC1EF7744200B35643 /* Main.storyboard */ = {
			isa = PBXVariantGroup;
			children = (
				637102FD1EF7744200B35643 /* Base */,
			);
			name = Main.storyboard;
			sourceTree = "<group>";
		};
		637103011EF7744200B35643 /* LaunchScreen.storyboard */ = {
			isa = PBXVariantGroup;
			children = (
				637103021EF7744200B35643 /* Base */,
			);
			name = LaunchScreen.storyboard;
			sourceTree = "<group>";
		};
/* End PBXVariantGroup section */

/* Begin XCBuildConfiguration section */
		637103051EF7744200B35643 /* Debug */ = {
			isa = XCBuildConfiguration;
			buildSettings = {
				ALWAYS_SEARCH_USER_PATHS = NO;
				CLANG_ANALYZER_NONNULL = YES;
				CLANG_CXX_LANGUAGE_STANDARD = "gnu++0x";
				CLANG_CXX_LIBRARY = "libc++";
				CLANG_ENABLE_MODULES = YES;
				CLANG_ENABLE_OBJC_ARC = YES;
				CLANG_WARN_BOOL_CONVERSION = YES;
				CLANG_WARN_CONSTANT_CONVERSION = YES;
				CLANG_WARN_DIRECT_OBJC_ISA_USAGE = YES_ERROR;
				CLANG_WARN_DOCUMENTATION_COMMENTS = YES;
				CLANG_WARN_EMPTY_BODY = YES;
				CLANG_WARN_ENUM_CONVERSION = YES;
				CLANG_WARN_INFINITE_RECURSION = YES;
				CLANG_WARN_INT_CONVERSION = YES;
				CLANG_WARN_OBJC_ROOT_CLASS = YES_ERROR;
				CLANG_WARN_SUSPICIOUS_MOVE = YES;
				CLANG_WARN_UNREACHABLE_CODE = YES;
				CLANG_WARN__DUPLICATE_METHOD_MATCH = YES;
				"CODE_SIGN_IDENTITY[sdk=iphoneos*]" = "iPhone Developer";
				COPY_PHASE_STRIP = NO;
				DEBUG_INFORMATION_FORMAT = dwarf;
				ENABLE_STRICT_OBJC_MSGSEND = YES;
				ENABLE_TESTABILITY = YES;
				GCC_C_LANGUAGE_STANDARD = gnu99;
				GCC_DYNAMIC_NO_PIC = NO;
				GCC_NO_COMMON_BLOCKS = YES;
				GCC_OPTIMIZATION_LEVEL = 0;
				GCC_PREPROCESSOR_DEFINITIONS = (
					"DEBUG=1",
					"$(inherited)",
				);
				GCC_WARN_64_TO_32_BIT_CONVERSION = YES;
				GCC_WARN_ABOUT_RETURN_TYPE = YES_ERROR;
				GCC_WARN_UNDECLARED_SELECTOR = YES;
				GCC_WARN_UNINITIALIZED_AUTOS = YES_AGGRESSIVE;
				GCC_WARN_UNUSED_FUNCTION = YES;
				GCC_WARN_UNUSED_VARIABLE = YES;
				IPHONEOS_DEPLOYMENT_TARGET = 10.2;
				MTL_ENABLE_DEBUG_INFO = YES;
				ONLY_ACTIVE_ARCH = YES;
				SDKROOT = iphoneos;
			};
			name = Debug;
		};
		637103061EF7744200B35643 /* Release */ = {
			isa = XCBuildConfiguration;
			buildSettings = {
				ALWAYS_SEARCH_USER_PATHS = NO;
				CLANG_ANALYZER_NONNULL = YES;
				CLANG_CXX_LANGUAGE_STANDARD = "gnu++0x";
				CLANG_CXX_LIBRARY = "libc++";
				CLANG_ENABLE_MODULES = YES;
				CLANG_ENABLE_OBJC_ARC = YES;
				CLANG_WARN_BOOL_CONVERSION = YES;
				CLANG_WARN_CONSTANT_CONVERSION = YES;
				CLANG_WARN_DIRECT_OBJC_ISA_USAGE = YES_ERROR;
				CLANG_WARN_DOCUMENTATION_COMMENTS = YES;
				CLANG_WARN_EMPTY_BODY = YES;
				CLANG_WARN_ENUM_CONVERSION = YES;
				CLANG_WARN_INFINITE_RECURSION = YES;
				CLANG_WARN_INT_CONVERSION = YES;
				CLANG_WARN_OBJC_ROOT_CLASS = YES_ERROR;
				CLANG_WARN_SUSPICIOUS_MOVE = YES;
				CLANG_WARN_UNREACHABLE_CODE = YES;
				CLANG_WARN__DUPLICATE_METHOD_MATCH = YES;
				"CODE_SIGN_IDENTITY[sdk=iphoneos*]" = "iPhone Developer";
				COPY_PHASE_STRIP = NO;
				DEBUG_INFORMATION_FORMAT = "dwarf-with-dsym";
				ENABLE_NS_ASSERTIONS = NO;
				ENABLE_STRICT_OBJC_MSGSEND = YES;
				GCC_C_LANGUAGE_STANDARD = gnu99;
				GCC_NO_COMMON_BLOCKS = YES;
				GCC_WARN_64_TO_32_BIT_CONVERSION = YES;
				GCC_WARN_ABOUT_RETURN_TYPE = YES_ERROR;
				GCC_WARN_UNDECLARED_SELECTOR = YES;
				GCC_WARN_UNINITIALIZED_AUTOS = YES_AGGRESSIVE;
				GCC_WARN_UNUSED_FUNCTION = YES;
				GCC_WARN_UNUSED_VARIABLE = YES;
				IPHONEOS_DEPLOYMENT_TARGET = 10.2;
				MTL_ENABLE_DEBUG_INFO = NO;
				SDKROOT = iphoneos;
				VALIDATE_PRODUCT = YES;
			};
			name = Release;
		};
		637103081EF7744200B35643 /* Debug */ = {
			isa = XCBuildConfiguration;
			buildSettings = {
				ASSETCATALOG_COMPILER_APPICON_NAME = AppIcon;
				DEVELOPMENT_TEAM = A7DKZJ6Y7X;
				INFOPLIST_FILE = AFNet/Info.plist;
				LD_RUNPATH_SEARCH_PATHS = "$(inherited) @executable_path/Frameworks";
				PRODUCT_BUNDLE_IDENTIFIER = com.guodong.AFNet;
				PRODUCT_NAME = "$(TARGET_NAME)";
			};
			name = Debug;
		};
		637103091EF7744200B35643 /* Release */ = {
			isa = XCBuildConfiguration;
			buildSettings = {
				ASSETCATALOG_COMPILER_APPICON_NAME = AppIcon;
				DEVELOPMENT_TEAM = A7DKZJ6Y7X;
				INFOPLIST_FILE = AFNet/Info.plist;
				LD_RUNPATH_SEARCH_PATHS = "$(inherited) @executable_path/Frameworks";
				PRODUCT_BUNDLE_IDENTIFIER = com.guodong.AFNet;
				PRODUCT_NAME = "$(TARGET_NAME)";
			};
			name = Release;
		};
/* End XCBuildConfiguration section */

/* Begin XCConfigurationList section */
		637102EB1EF7744200B35643 /* Build configuration list for PBXProject "AFNet" */ = {
			isa = XCConfigurationList;
			buildConfigurations = (
				637103051EF7744200B35643 /* Debug */,
				637103061EF7744200B35643 /* Release */,
			);
			defaultConfigurationIsVisible = 0;
			defaultConfigurationName = Release;
		};
		637103071EF7744200B35643 /* Build configuration list for PBXNativeTarget "AFNet" */ = {
			isa = XCConfigurationList;
			buildConfigurations = (
				637103081EF7744200B35643 /* Debug */,
				637103091EF7744200B35643 /* Release */,
			);
			defaultConfigurationIsVisible = 0;
		};
/* End XCConfigurationList section */
	};
	rootObject = 637102E81EF7744200B35643 /* Project object */;
}
